
Microsoft Visual Studio Solution File, Format Version 12.00
Project("{FAE04EC0-301F-11D3-BF4B-00C04F79EFBC}") = "DNET.Backend.Api", "DNET.Backend.Api\DNET.Backend.Api.csproj", "{D75B3173-5D12-4BB6-85BE-6C0C947DC931}"
EndProject
Project("{FAE04EC0-301F-11D3-BF4B-00C04F79EFBC}") = "DNET.Backend.Api.Tests", "DNET.Backend.Api.Tests\DNET.Backend.Api.Tests.csproj", "{C52239F4-FDD6-4177-9359-7DB39D23EBE7}"
EndProject
Project("{2150E333-8FDC-42A3-9474-1A3956D46DE8}") = "Solution Items", "Solution Items", "{92290A91-AB54-444C-AFC6-DE3585F1450A}"
	ProjectSection(SolutionItems) = preProject
		Dockerfile = Dockerfile
	EndProjectSection
EndProject
Project("{FAE04EC0-301F-11D3-BF4B-00C04F79EFBC}") = "DNET.Backend.DataAccess", "DNET.Backend.DataAccess\DNET.Backend.DataAccess.csproj", "{ECBD5ACD-D0D9-454B-96C8-1091B9D542B2}"
EndProject
Global
	GlobalSection(SolutionConfigurationPlatforms) = preSolution
		Debug|Any CPU = Debug|Any CPU
		Release|Any CPU = Release|Any CPU
	EndGlobalSection
	GlobalSection(ProjectConfigurationPlatforms) = postSolution
		{D75B3173-5D12-4BB6-85BE-6C0C947DC931}.Debug|Any CPU.ActiveCfg = Debug|Any CPU
		{D75B3173-5D12-4BB6-85BE-6C0C947DC931}.Debug|Any CPU.Build.0 = Debug|Any CPU
		{D75B3173-5D12-4BB6-85BE-6C0C947DC931}.Release|Any CPU.ActiveCfg = Release|Any CPU
		{D75B3173-5D12-4BB6-85BE-6C0C947DC931}.Release|Any CPU.Build.0 = Release|Any CPU
		{C52239F4-FDD6-4177-9359-7DB39D23EBE7}.Debug|Any CPU.ActiveCfg = Debug|Any CPU
		{C52239F4-FDD6-4177-9359-7DB39D23EBE7}.Debug|Any CPU.Build.0 = Debug|Any CPU
		{C52239F4-FDD6-4177-9359-7DB39D23EBE7}.Release|Any CPU.ActiveCfg = Release|Any CPU
		{C52239F4-FDD6-4177-9359-7DB39D23EBE7}.Release|Any CPU.Build.0 = Release|Any CPU
		{ECBD5ACD-D0D9-454B-96C8-1091B9D542B2}.Debug|Any CPU.ActiveCfg = Debug|Any CPU
		{ECBD5ACD-D0D9-454B-96C8-1091B9D542B2}.Debug|Any CPU.Build.0 = Debug|Any CPU
		{ECBD5ACD-D0D9-454B-96C8-1091B9D542B2}.Release|Any CPU.ActiveCfg = Release|Any CPU
		{ECBD5ACD-D0D9-454B-96C8-1091B9D542B2}.Release|Any CPU.Build.0 = Release|Any CPU
	EndGlobalSection
EndGlobal
